
Microsoft Visual Studio Solution File, Format Version 12.00
# Visual Studio Version 17
VisualStudioVersion = 17.9.34616.47
MinimumVisualStudioVersion = 10.0.40219.1
Project("{FAE04EC0-301F-11D3-BF4B-00C04F79EFBC}") = "Sanele's Recipe App", "Sanele's Recipe App\Sanele's Recipe App.csproj", "{1016CD72-1B2D-48F0-9D5B-56D415846A8B}"
EndProject
Global
	GlobalSection(SolutionConfigurationPlatforms) = preSolution
		Debug|Any CPU = Debug|Any CPU
		Release|Any CPU = Release|Any CPU
	EndGlobalSection
	GlobalSection(ProjectConfigurationPlatforms) = postSolution
		{1016CD72-1B2D-48F0-9D5B-56D415846A8B}.Debug|Any CPU.ActiveCfg = Debug|Any CPU
		{1016CD72-1B2D-48F0-9D5B-56D415846A8B}.Debug|Any CPU.Build.0 = Debug|Any CPU
		{1016CD72-1B2D-48F0-9D5B-56D415846A8B}.Release|Any CPU.ActiveCfg = Release|Any CPU
		{1016CD72-1B2D-48F0-9D5B-56D415846A8B}.Release|Any CPU.Build.0 = Release|Any CPU
	EndGlobalSection
	GlobalSection(SolutionProperties) = preSolution
		HideSolutionNode = FALSE
	EndGlobalSection
	GlobalSection(ExtensibilityGlobals) = postSolution
		SolutionGuid = {78C7F84A-4826-4D7C-A568-37160E12DCEF}
	EndGlobalSection
EndGlobal
